
Microsoft Visual Studio Solution File, Format Version 12.00
# Visual Studio Version 17
VisualStudioVersion = 17.0.31919.166
MinimumVisualStudioVersion = 10.0.40219.1
Project("{FAE04EC0-301F-11D3-BF4B-00C04F79EFBC}") = "CqrsMediatrExample", "CqrsMediatrExample\CqrsMediatrExample.csproj", "{FB65AC48-EA53-476F-BDF9-135B8CF93B12}"
EndProject
Global
	GlobalSection(SolutionConfigurationPlatforms) = preSolution
		Debug|Any CPU = Debug|Any CPU
		Release|Any CPU = Release|Any CPU
	EndGlobalSection
	GlobalSection(ProjectConfigurationPlatforms) = postSolution
		{FB65AC48-EA53-476F-BDF9-135B8CF93B12}.Debug|Any CPU.ActiveCfg = Debug|Any CPU
		{FB65AC48-EA53-476F-BDF9-135B8CF93B12}.Debug|Any CPU.Build.0 = Debug|Any CPU
		{FB65AC48-EA53-476F-BDF9-135B8CF93B12}.Release|Any CPU.ActiveCfg = Release|Any CPU
		{FB65AC48-EA53-476F-BDF9-135B8CF93B12}.Release|Any CPU.Build.0 = Release|Any CPU
	EndGlobalSection
	GlobalSection(SolutionProperties) = preSolution
		HideSolutionNode = FALSE
	EndGlobalSection
	GlobalSection(ExtensibilityGlobals) = postSolution
		SolutionGuid = {3F8A8043-28C4-430B-8CD6-25EDB6C407EF}
	EndGlobalSection
EndGlobal
